
Microsoft Visual Studio Solution File, Format Version 12.00
# Visual Studio Version 17
VisualStudioVersion = 17.5.33516.290
MinimumVisualStudioVersion = 10.0.40219.1
Project("{FAE04EC0-301F-11D3-BF4B-00C04F79EFBC}") = "Course", "Course\Course.csproj", "{7ED31000-1F37-406E-83CF-F234B9CAB33D}"
EndProject
Global
	GlobalSection(SolutionConfigurationPlatforms) = preSolution
		Debug|Any CPU = Debug|Any CPU
		Release|Any CPU = Release|Any CPU
	EndGlobalSection
	GlobalSection(ProjectConfigurationPlatforms) = postSolution
		{7ED31000-1F37-406E-83CF-F234B9CAB33D}.Debug|Any CPU.ActiveCfg = Debug|Any CPU
		{7ED31000-1F37-406E-83CF-F234B9CAB33D}.Debug|Any CPU.Build.0 = Debug|Any CPU
		{7ED31000-1F37-406E-83CF-F234B9CAB33D}.Release|Any CPU.ActiveCfg = Release|Any CPU
		{7ED31000-1F37-406E-83CF-F234B9CAB33D}.Release|Any CPU.Build.0 = Release|Any CPU
	EndGlobalSection
	GlobalSection(SolutionProperties) = preSolution
		HideSolutionNode = FALSE
	EndGlobalSection
	GlobalSection(ExtensibilityGlobals) = postSolution
		SolutionGuid = {F109D155-9AB6-4CDA-8DBC-B845BFE96268}
	EndGlobalSection
EndGlobal
