
Microsoft Visual Studio Solution File, Format Version 12.00
# Visual Studio Version 17
VisualStudioVersion = 17.5.33516.290
MinimumVisualStudioVersion = 10.0.40219.1
Project("{FAE04EC0-301F-11D3-BF4B-00C04F79EFBC}") = "Activity1", "Activity1\Activity1.csproj", "{A10713D2-C8E0-42D0-932B-E53D2588FA03}"
EndProject
Global
	GlobalSection(SolutionConfigurationPlatforms) = preSolution
		Debug|Any CPU = Debug|Any CPU
		Release|Any CPU = Release|Any CPU
	EndGlobalSection
	GlobalSection(ProjectConfigurationPlatforms) = postSolution
		{A10713D2-C8E0-42D0-932B-E53D2588FA03}.Debug|Any CPU.ActiveCfg = Debug|Any CPU
		{A10713D2-C8E0-42D0-932B-E53D2588FA03}.Debug|Any CPU.Build.0 = Debug|Any CPU
		{A10713D2-C8E0-42D0-932B-E53D2588FA03}.Release|Any CPU.ActiveCfg = Release|Any CPU
		{A10713D2-C8E0-42D0-932B-E53D2588FA03}.Release|Any CPU.Build.0 = Release|Any CPU
	EndGlobalSection
	GlobalSection(SolutionProperties) = preSolution
		HideSolutionNode = FALSE
	EndGlobalSection
	GlobalSection(ExtensibilityGlobals) = postSolution
		SolutionGuid = {BEBB49C0-4866-445A-A5BC-06AA7764DA30}
	EndGlobalSection
EndGlobal
